# This file is generated by running "yarn install" inside your project.
# Manual changes might be lost - proceed with caution!

__metadata:
  version: 8
  cacheKey: 10

"@kitsuned/async-utils@npm:^1.0.0":
  version: 1.1.1
  resolution: "@kitsuned/async-utils@npm:1.1.1"
  checksum: 10/91ec252dc0f188dad9ea63b62f61c4afb726f78c3f5e3a74cd4fd86849a2737aeb3882958edabaeca19ffee20d5e57671887b1e4d2b4b33fe99970fa25d13d7c
  languageName: node
  linkType: hard

"@kitsuned/webos-execbus@workspace:.":
  version: 0.0.0-use.local
  resolution: "@kitsuned/webos-execbus@workspace:."
  dependencies:
    "@kitsuned/webos-luna-isomorphic-client": "npm:^1.0.0"
    "@types/node": "npm:25.4.0"
    typescript: "npm:5.9.3"
  languageName: unknown
  linkType: soft

"@kitsuned/webos-luna-isomorphic-client@npm:^1.0.0":
  version: 1.0.0
  resolution: "@kitsuned/webos-luna-isomorphic-client@npm:1.0.0"
  dependencies:
    "@kitsuned/async-utils": "npm:^1.0.0"
  checksum: 10/18757e1d4f25247dcb69c37218f06e2bab039d4a578ee1b58ae88a9eb1b1846b4056bd6198e8d0845858685720e6a169f3cd5b4cb4f2b8facd9b2eacbcfd0f57
  languageName: node
  linkType: hard

"@types/node@npm:25.4.0":
  version: 25.4.0
  resolution: "@types/node@npm:25.4.0"
  dependencies:
    undici-types: "npm:~7.18.0"
  checksum: 10/c8d55bdb395d56ad94d227724302b2615d6cd2d8a20f432a1ccf16bd4e537c61b062882e49dbd1fcfd845d91a18f62deb256ab07268c24549a4c7f740d74b903
  languageName: node
  linkType: hard

"typescript@npm:5.9.3":
  version: 5.9.3
  resolution: "typescript@npm:5.9.3"
  bin:
    tsc: bin/tsc
    tsserver: bin/tsserver
  checksum: 10/c089d9d3da2729fd4ac517f9b0e0485914c4b3c26f80dc0cffcb5de1719a17951e92425d55db59515c1a7ddab65808466debb864d0d56dcf43f27007d0709594
  languageName: node
  linkType: hard

"typescript@patch:typescript@npm%3A5.9.3#optional!builtin<compat/typescript>":
  version: 5.9.3
  resolution: "typescript@patch:typescript@npm%3A5.9.3#optional!builtin<compat/typescript>::version=5.9.3&hash=5786d5"
  bin:
    tsc: bin/tsc
    tsserver: bin/tsserver
  checksum: 10/696e1b017bc2635f4e0c94eb4435357701008e2f272f553d06e35b494b8ddc60aa221145e286c28ace0c89ee32827a28c2040e3a69bdc108b1a5dc8fb40b72e3
  languageName: node
  linkType: hard

"undici-types@npm:~7.18.0":
  version: 7.18.2
  resolution: "undici-types@npm:7.18.2"
  checksum: 10/e61a5918f624d68420c3ca9d301e9f15b61cba6e97be39fe2ce266dd6151e4afe424d679372638826cb506be33952774e0424141200111a9857e464216c009af
  languageName: node
  linkType: hard
